
Microsoft Visual Studio Solution File, Format Version 12.00
# Visual Studio Version 16
VisualStudioVersion = 16.0.29609.76
MinimumVisualStudioVersion = 10.0.40219.1
Project("{FAE04EC0-301F-11D3-BF4B-00C04F79EFBC}") = "PermissionsAttribute", "PermissionsAttribute\PermissionsAttribute.csproj", "{829A7A2E-236B-4A03-BCBE-1CCB24A4A307}"
EndProject
Global
	GlobalSection(SolutionConfigurationPlatforms) = preSolution
		Debug|Any CPU = Debug|Any CPU
		Release|Any CPU = Release|Any CPU
	EndGlobalSection
	GlobalSection(ProjectConfigurationPlatforms) = postSolution
		{829A7A2E-236B-4A03-BCBE-1CCB24A4A307}.Debug|Any CPU.ActiveCfg = Debug|Any CPU
		{829A7A2E-236B-4A03-BCBE-1CCB24A4A307}.Debug|Any CPU.Build.0 = Debug|Any CPU
		{829A7A2E-236B-4A03-BCBE-1CCB24A4A307}.Release|Any CPU.ActiveCfg = Release|Any CPU
		{829A7A2E-236B-4A03-BCBE-1CCB24A4A307}.Release|Any CPU.Build.0 = Release|Any CPU
	EndGlobalSection
	GlobalSection(SolutionProperties) = preSolution
		HideSolutionNode = FALSE
	EndGlobalSection
	GlobalSection(ExtensibilityGlobals) = postSolution
		SolutionGuid = {D32E49E3-6AC8-4E42-85CE-F4EE96669D12}
	EndGlobalSection
EndGlobal
